
Microsoft Visual Studio Solution File, Format Version 12.00
# Visual Studio 14
VisualStudioVersion = 14.0.24720.0
MinimumVisualStudioVersion = 10.0.40219.1
Project("{FAE04EC0-301F-11D3-BF4B-00C04F79EFBC}") = "Glassdoor", "Glassdoor\Glassdoor.csproj", "{D4AD4545-EE8F-4B05-895F-2D9351DACF1B}"
EndProject
Project("{FAE04EC0-301F-11D3-BF4B-00C04F79EFBC}") = "GlassdoorUnitTest", "GlassdoorUnitTest\GlassdoorUnitTest.csproj", "{F246BC6B-2A65-4607-AB19-A27B672A8AA8}"
EndProject
Project("{FAE04EC0-301F-11D3-BF4B-00C04F79EFBC}") = "RestApiSdk", "RestApiSdk\RestApiSdk.csproj", "{846E01C7-D607-453A-922F-E38216AFC17C}"
EndProject
Project("{FAE04EC0-301F-11D3-BF4B-00C04F79EFBC}") = "RestApiSdkUnitTest", "RestApiSdkUnitTest\RestApiSdkUnitTest.csproj", "{4CD069A8-6FE0-4D3C-BC07-285FA8BD0D74}"
EndProject
Project("{2150E333-8FDC-42A3-9474-1A3956D46DE8}") = "Solution Items", "Solution Items", "{37AE5ADF-0E42-48EF-8557-E0A71282A235}"
	ProjectSection(SolutionItems) = preProject
		nuget.exe = nuget.exe
		NuGetPublish.ps1 = NuGetPublish.ps1
	EndProjectSection
EndProject
Project("{FAE04EC0-301F-11D3-BF4B-00C04F79EFBC}") = "GlassDoorUniversalSdk", "GlassDoorUniversalSdk\GlassDoorUniversalSdk.csproj", "{5795E3FD-51B1-47A3-A669-0AFA1996CDBB}"
EndProject
Project("{FAE04EC0-301F-11D3-BF4B-00C04F79EFBC}") = "GlassDoorUniversalSdkTests", "GlassDoorUniversalSdkTests\GlassDoorUniversalSdkTests.csproj", "{E628BCB4-E6C1-4976-863A-3CCDCCD593C4}"
EndProject
Project("{FAE04EC0-301F-11D3-BF4B-00C04F79EFBC}") = "RestApiUniversalSdk", "RestApiUniversalSdk\RestApiUniversalSdk.csproj", "{24C8D9D7-6C5E-4D9B-8B64-C1822CC0EE56}"
EndProject
Project("{FAE04EC0-301F-11D3-BF4B-00C04F79EFBC}") = "RestApiUniversalSdkTests", "RestApiUniversalSdkTests\RestApiUniversalSdkTests.csproj", "{00A0A6E1-DACA-427C-8AC7-1DFB67A0CF41}"
EndProject
Global
	GlobalSection(SolutionConfigurationPlatforms) = preSolution
		Debug|Any CPU = Debug|Any CPU
		Debug|ARM = Debug|ARM
		Debug|x64 = Debug|x64
		Debug|x86 = Debug|x86
		Release|Any CPU = Release|Any CPU
		Release|ARM = Release|ARM
		Release|x64 = Release|x64
		Release|x86 = Release|x86
	EndGlobalSection
	GlobalSection(ProjectConfigurationPlatforms) = postSolution
		{D4AD4545-EE8F-4B05-895F-2D9351DACF1B}.Debug|Any CPU.ActiveCfg = Debug|Any CPU
		{D4AD4545-EE8F-4B05-895F-2D9351DACF1B}.Debug|Any CPU.Build.0 = Debug|Any CPU
		{D4AD4545-EE8F-4B05-895F-2D9351DACF1B}.Debug|ARM.ActiveCfg = Debug|Any CPU
		{D4AD4545-EE8F-4B05-895F-2D9351DACF1B}.Debug|ARM.Build.0 = Debug|Any CPU
		{D4AD4545-EE8F-4B05-895F-2D9351DACF1B}.Debug|x64.ActiveCfg = Debug|Any CPU
		{D4AD4545-EE8F-4B05-895F-2D9351DACF1B}.Debug|x64.Build.0 = Debug|Any CPU
		{D4AD4545-EE8F-4B05-895F-2D9351DACF1B}.Debug|x86.ActiveCfg = Debug|Any CPU
		{D4AD4545-EE8F-4B05-895F-2D9351DACF1B}.Debug|x86.Build.0 = Debug|Any CPU
		{D4AD4545-EE8F-4B05-895F-2D9351DACF1B}.Release|Any CPU.ActiveCfg = Release|Any CPU
		{D4AD4545-EE8F-4B05-895F-2D9351DACF1B}.Release|Any CPU.Build.0 = Release|Any CPU
		{D4AD4545-EE8F-4B05-895F-2D9351DACF1B}.Release|ARM.ActiveCfg = Release|Any CPU
		{D4AD4545-EE8F-4B05-895F-2D9351DACF1B}.Release|ARM.Build.0 = Release|Any CPU
		{D4AD4545-EE8F-4B05-895F-2D9351DACF1B}.Release|x64.ActiveCfg = Release|Any CPU
		{D4AD4545-EE8F-4B05-895F-2D9351DACF1B}.Release|x64.Build.0 = Release|Any CPU
		{D4AD4545-EE8F-4B05-895F-2D9351DACF1B}.Release|x86.ActiveCfg = Release|Any CPU
		{D4AD4545-EE8F-4B05-895F-2D9351DACF1B}.Release|x86.Build.0 = Release|Any CPU
		{F246BC6B-2A65-4607-AB19-A27B672A8AA8}.Debug|Any CPU.ActiveCfg = Debug|Any CPU
		{F246BC6B-2A65-4607-AB19-A27B672A8AA8}.Debug|Any CPU.Build.0 = Debug|Any CPU
		{F246BC6B-2A65-4607-AB19-A27B672A8AA8}.Debug|ARM.ActiveCfg = Debug|Any CPU
		{F246BC6B-2A65-4607-AB19-A27B672A8AA8}.Debug|ARM.Build.0 = Debug|Any CPU
		{F246BC6B-2A65-4607-AB19-A27B672A8AA8}.Debug|x64.ActiveCfg = Debug|Any CPU
		{F246BC6B-2A65-4607-AB19-A27B672A8AA8}.Debug|x64.Build.0 = Debug|Any CPU
		{F246BC6B-2A65-4607-AB19-A27B672A8AA8}.Debug|x86.ActiveCfg = Debug|Any CPU
		{F246BC6B-2A65-4607-AB19-A27B672A8AA8}.Debug|x86.Build.0 = Debug|Any CPU
		{F246BC6B-2A65-4607-AB19-A27B672A8AA8}.Release|Any CPU.ActiveCfg = Release|Any CPU
		{F246BC6B-2A65-4607-AB19-A27B672A8AA8}.Release|Any CPU.Build.0 = Release|Any CPU
		{F246BC6B-2A65-4607-AB19-A27B672A8AA8}.Release|ARM.ActiveCfg = Release|Any CPU
		{F246BC6B-2A65-4607-AB19-A27B672A8AA8}.Release|ARM.Build.0 = Release|Any CPU
		{F246BC6B-2A65-4607-AB19-A27B672A8AA8}.Release|x64.ActiveCfg = Release|Any CPU
		{F246BC6B-2A65-4607-AB19-A27B672A8AA8}.Release|x64.Build.0 = Release|Any CPU
		{F246BC6B-2A65-4607-AB19-A27B672A8AA8}.Release|x86.ActiveCfg = Release|Any CPU
		{F246BC6B-2A65-4607-AB19-A27B672A8AA8}.Release|x86.Build.0 = Release|Any CPU
		{846E01C7-D607-453A-922F-E38216AFC17C}.Debug|Any CPU.ActiveCfg = Debug|Any CPU
		{846E01C7-D607-453A-922F-E38216AFC17C}.Debug|Any CPU.Build.0 = Debug|Any CPU
		{846E01C7-D607-453A-922F-E38216AFC17C}.Debug|ARM.ActiveCfg = Debug|Any CPU
		{846E01C7-D607-453A-922F-E38216AFC17C}.Debug|ARM.Build.0 = Debug|Any CPU
		{846E01C7-D607-453A-922F-E38216AFC17C}.Debug|x64.ActiveCfg = Debug|Any CPU
		{846E01C7-D607-453A-922F-E38216AFC17C}.Debug|x64.Build.0 = Debug|Any CPU
		{846E01C7-D607-453A-922F-E38216AFC17C}.Debug|x86.ActiveCfg = Debug|Any CPU
		{846E01C7-D607-453A-922F-E38216AFC17C}.Debug|x86.Build.0 = Debug|Any CPU
		{846E01C7-D607-453A-922F-E38216AFC17C}.Release|Any CPU.ActiveCfg = Release|Any CPU
		{846E01C7-D607-453A-922F-E38216AFC17C}.Release|Any CPU.Build.0 = Release|Any CPU
		{846E01C7-D607-453A-922F-E38216AFC17C}.Release|ARM.ActiveCfg = Release|Any CPU
		{846E01C7-D607-453A-922F-E38216AFC17C}.Release|ARM.Build.0 = Release|Any CPU
		{846E01C7-D607-453A-922F-E38216AFC17C}.Release|x64.ActiveCfg = Release|Any CPU
		{846E01C7-D607-453A-922F-E38216AFC17C}.Release|x64.Build.0 = Release|Any CPU
		{846E01C7-D607-453A-922F-E38216AFC17C}.Release|x86.ActiveCfg = Release|Any CPU
		{846E01C7-D607-453A-922F-E38216AFC17C}.Release|x86.Build.0 = Release|Any CPU
		{4CD069A8-6FE0-4D3C-BC07-285FA8BD0D74}.Debug|Any CPU.ActiveCfg = Debug|Any CPU
		{4CD069A8-6FE0-4D3C-BC07-285FA8BD0D74}.Debug|Any CPU.Build.0 = Debug|Any CPU
		{4CD069A8-6FE0-4D3C-BC07-285FA8BD0D74}.Debug|ARM.ActiveCfg = Debug|Any CPU
		{4CD069A8-6FE0-4D3C-BC07-285FA8BD0D74}.Debug|ARM.Build.0 = Debug|Any CPU
		{4CD069A8-6FE0-4D3C-BC07-285FA8BD0D74}.Debug|x64.ActiveCfg = Debug|Any CPU
		{4CD069A8-6FE0-4D3C-BC07-285FA8BD0D74}.Debug|x64.Build.0 = Debug|Any CPU
		{4CD069A8-6FE0-4D3C-BC07-285FA8BD0D74}.Debug|x86.ActiveCfg = Debug|Any CPU
		{4CD069A8-6FE0-4D3C-BC07-285FA8BD0D74}.Debug|x86.Build.0 = Debug|Any CPU
		{4CD069A8-6FE0-4D3C-BC07-285FA8BD0D74}.Release|Any CPU.ActiveCfg = Release|Any CPU
		{4CD069A8-6FE0-4D3C-BC07-285FA8BD0D74}.Release|Any CPU.Build.0 = Release|Any CPU
		{4CD069A8-6FE0-4D3C-BC07-285FA8BD0D74}.Release|ARM.ActiveCfg = Release|Any CPU
		{4CD069A8-6FE0-4D3C-BC07-285FA8BD0D74}.Release|ARM.Build.0 = Release|Any CPU
		{4CD069A8-6FE0-4D3C-BC07-285FA8BD0D74}.Release|x64.ActiveCfg = Release|Any CPU
		{4CD069A8-6FE0-4D3C-BC07-285FA8BD0D74}.Release|x64.Build.0 = Release|Any CPU
		{4CD069A8-6FE0-4D3C-BC07-285FA8BD0D74}.Release|x86.ActiveCfg = Release|Any CPU
		{4CD069A8-6FE0-4D3C-BC07-285FA8BD0D74}.Release|x86.Build.0 = Release|Any CPU
		{5795E3FD-51B1-47A3-A669-0AFA1996CDBB}.Debug|Any CPU.ActiveCfg = Debug|Any CPU
		{5795E3FD-51B1-47A3-A669-0AFA1996CDBB}.Debug|Any CPU.Build.0 = Debug|Any CPU
		{5795E3FD-51B1-47A3-A669-0AFA1996CDBB}.Debug|ARM.ActiveCfg = Debug|ARM
		{5795E3FD-51B1-47A3-A669-0AFA1996CDBB}.Debug|ARM.Build.0 = Debug|ARM
		{5795E3FD-51B1-47A3-A669-0AFA1996CDBB}.Debug|x64.ActiveCfg = Debug|x64
		{5795E3FD-51B1-47A3-A669-0AFA1996CDBB}.Debug|x64.Build.0 = Debug|x64
		{5795E3FD-51B1-47A3-A669-0AFA1996CDBB}.Debug|x86.ActiveCfg = Debug|x86
		{5795E3FD-51B1-47A3-A669-0AFA1996CDBB}.Debug|x86.Build.0 = Debug|x86
		{5795E3FD-51B1-47A3-A669-0AFA1996CDBB}.Release|Any CPU.ActiveCfg = Release|Any CPU
		{5795E3FD-51B1-47A3-A669-0AFA1996CDBB}.Release|Any CPU.Build.0 = Release|Any CPU
		{5795E3FD-51B1-47A3-A669-0AFA1996CDBB}.Release|ARM.ActiveCfg = Release|ARM
		{5795E3FD-51B1-47A3-A669-0AFA1996CDBB}.Release|ARM.Build.0 = Release|ARM
		{5795E3FD-51B1-47A3-A669-0AFA1996CDBB}.Release|x64.ActiveCfg = Release|x64
		{5795E3FD-51B1-47A3-A669-0AFA1996CDBB}.Release|x64.Build.0 = Release|x64
		{5795E3FD-51B1-47A3-A669-0AFA1996CDBB}.Release|x86.ActiveCfg = Release|x86
		{5795E3FD-51B1-47A3-A669-0AFA1996CDBB}.Release|x86.Build.0 = Release|x86
		{E628BCB4-E6C1-4976-863A-3CCDCCD593C4}.Debug|Any CPU.ActiveCfg = Debug|x86
		{E628BCB4-E6C1-4976-863A-3CCDCCD593C4}.Debug|ARM.ActiveCfg = Debug|ARM
		{E628BCB4-E6C1-4976-863A-3CCDCCD593C4}.Debug|ARM.Build.0 = Debug|ARM
		{E628BCB4-E6C1-4976-863A-3CCDCCD593C4}.Debug|ARM.Deploy.0 = Debug|ARM
		{E628BCB4-E6C1-4976-863A-3CCDCCD593C4}.Debug|x64.ActiveCfg = Debug|x64
		{E628BCB4-E6C1-4976-863A-3CCDCCD593C4}.Debug|x64.Build.0 = Debug|x64
		{E628BCB4-E6C1-4976-863A-3CCDCCD593C4}.Debug|x64.Deploy.0 = Debug|x64
		{E628BCB4-E6C1-4976-863A-3CCDCCD593C4}.Debug|x86.ActiveCfg = Debug|x86
		{E628BCB4-E6C1-4976-863A-3CCDCCD593C4}.Debug|x86.Build.0 = Debug|x86
		{E628BCB4-E6C1-4976-863A-3CCDCCD593C4}.Debug|x86.Deploy.0 = Debug|x86
		{E628BCB4-E6C1-4976-863A-3CCDCCD593C4}.Release|Any CPU.ActiveCfg = Release|x86
		{E628BCB4-E6C1-4976-863A-3CCDCCD593C4}.Release|ARM.ActiveCfg = Release|ARM
		{E628BCB4-E6C1-4976-863A-3CCDCCD593C4}.Release|ARM.Build.0 = Release|ARM
		{E628BCB4-E6C1-4976-863A-3CCDCCD593C4}.Release|ARM.Deploy.0 = Release|ARM
		{E628BCB4-E6C1-4976-863A-3CCDCCD593C4}.Release|x64.ActiveCfg = Release|x64
		{E628BCB4-E6C1-4976-863A-3CCDCCD593C4}.Release|x64.Build.0 = Release|x64
		{E628BCB4-E6C1-4976-863A-3CCDCCD593C4}.Release|x64.Deploy.0 = Release|x64
		{E628BCB4-E6C1-4976-863A-3CCDCCD593C4}.Release|x86.ActiveCfg = Release|x86
		{E628BCB4-E6C1-4976-863A-3CCDCCD593C4}.Release|x86.Build.0 = Release|x86
		{E628BCB4-E6C1-4976-863A-3CCDCCD593C4}.Release|x86.Deploy.0 = Release|x86
		{24C8D9D7-6C5E-4D9B-8B64-C1822CC0EE56}.Debug|Any CPU.ActiveCfg = Debug|Any CPU
		{24C8D9D7-6C5E-4D9B-8B64-C1822CC0EE56}.Debug|Any CPU.Build.0 = Debug|Any CPU
		{24C8D9D7-6C5E-4D9B-8B64-C1822CC0EE56}.Debug|ARM.ActiveCfg = Debug|ARM
		{24C8D9D7-6C5E-4D9B-8B64-C1822CC0EE56}.Debug|ARM.Build.0 = Debug|ARM
		{24C8D9D7-6C5E-4D9B-8B64-C1822CC0EE56}.Debug|x64.ActiveCfg = Debug|x64
		{24C8D9D7-6C5E-4D9B-8B64-C1822CC0EE56}.Debug|x64.Build.0 = Debug|x64
		{24C8D9D7-6C5E-4D9B-8B64-C1822CC0EE56}.Debug|x86.ActiveCfg = Debug|x86
		{24C8D9D7-6C5E-4D9B-8B64-C1822CC0EE56}.Debug|x86.Build.0 = Debug|x86
		{24C8D9D7-6C5E-4D9B-8B64-C1822CC0EE56}.Release|Any CPU.ActiveCfg = Release|Any CPU
		{24C8D9D7-6C5E-4D9B-8B64-C1822CC0EE56}.Release|Any CPU.Build.0 = Release|Any CPU
		{24C8D9D7-6C5E-4D9B-8B64-C1822CC0EE56}.Release|ARM.ActiveCfg = Release|ARM
		{24C8D9D7-6C5E-4D9B-8B64-C1822CC0EE56}.Release|ARM.Build.0 = Release|ARM
		{24C8D9D7-6C5E-4D9B-8B64-C1822CC0EE56}.Release|x64.ActiveCfg = Release|x64
		{24C8D9D7-6C5E-4D9B-8B64-C1822CC0EE56}.Release|x64.Build.0 = Release|x64
		{24C8D9D7-6C5E-4D9B-8B64-C1822CC0EE56}.Release|x86.ActiveCfg = Release|x86
		{24C8D9D7-6C5E-4D9B-8B64-C1822CC0EE56}.Release|x86.Build.0 = Release|x86
		{00A0A6E1-DACA-427C-8AC7-1DFB67A0CF41}.Debug|Any CPU.ActiveCfg = Debug|x86
		{00A0A6E1-DACA-427C-8AC7-1DFB67A0CF41}.Debug|ARM.ActiveCfg = Debug|ARM
		{00A0A6E1-DACA-427C-8AC7-1DFB67A0CF41}.Debug|ARM.Build.0 = Debug|ARM
		{00A0A6E1-DACA-427C-8AC7-1DFB67A0CF41}.Debug|ARM.Deploy.0 = Debug|ARM
		{00A0A6E1-DACA-427C-8AC7-1DFB67A0CF41}.Debug|x64.ActiveCfg = Debug|x64
		{00A0A6E1-DACA-427C-8AC7-1DFB67A0CF41}.Debug|x64.Build.0 = Debug|x64
		{00A0A6E1-DACA-427C-8AC7-1DFB67A0CF41}.Debug|x64.Deploy.0 = Debug|x64
		{00A0A6E1-DACA-427C-8AC7-1DFB67A0CF41}.Debug|x86.ActiveCfg = Debug|x86
		{00A0A6E1-DACA-427C-8AC7-1DFB67A0CF41}.Debug|x86.Build.0 = Debug|x86
		{00A0A6E1-DACA-427C-8AC7-1DFB67A0CF41}.Debug|x86.Deploy.0 = Debug|x86
		{00A0A6E1-DACA-427C-8AC7-1DFB67A0CF41}.Release|Any CPU.ActiveCfg = Release|x86
		{00A0A6E1-DACA-427C-8AC7-1DFB67A0CF41}.Release|ARM.ActiveCfg = Release|ARM
		{00A0A6E1-DACA-427C-8AC7-1DFB67A0CF41}.Release|ARM.Build.0 = Release|ARM
		{00A0A6E1-DACA-427C-8AC7-1DFB67A0CF41}.Release|ARM.Deploy.0 = Release|ARM
		{00A0A6E1-DACA-427C-8AC7-1DFB67A0CF41}.Release|x64.ActiveCfg = Release|x64
		{00A0A6E1-DACA-427C-8AC7-1DFB67A0CF41}.Release|x64.Build.0 = Release|x64
		{00A0A6E1-DACA-427C-8AC7-1DFB67A0CF41}.Release|x64.Deploy.0 = Release|x64
		{00A0A6E1-DACA-427C-8AC7-1DFB67A0CF41}.Release|x86.ActiveCfg = Release|x86
		{00A0A6E1-DACA-427C-8AC7-1DFB67A0CF41}.Release|x86.Build.0 = Release|x86
		{00A0A6E1-DACA-427C-8AC7-1DFB67A0CF41}.Release|x86.Deploy.0 = Release|x86
	EndGlobalSection
	GlobalSection(SolutionProperties) = preSolution
		HideSolutionNode = FALSE
	EndGlobalSection
EndGlobal
