
Microsoft Visual Studio Solution File, Format Version 12.00
# Visual Studio 15
VisualStudioVersion = 15.0.26430.12
MinimumVisualStudioVersion = 10.0.40219.1
Project("{FAE04EC0-301F-11D3-BF4B-00C04F79EFBC}") = "Glassdoor", "Glassdoor\Glassdoor.csproj", "{D4AD4545-EE8F-4B05-895F-2D9351DACF1B}"
EndProject
Project("{FAE04EC0-301F-11D3-BF4B-00C04F79EFBC}") = "GlassdoorUnitTest", "GlassdoorUnitTest\GlassdoorUnitTest.csproj", "{F246BC6B-2A65-4607-AB19-A27B672A8AA8}"
EndProject
Project("{2150E333-8FDC-42A3-9474-1A3956D46DE8}") = "Solution Items", "Solution Items", "{37AE5ADF-0E42-48EF-8557-E0A71282A235}"
	ProjectSection(SolutionItems) = preProject
		Glassdoor.nuspec = Glassdoor.nuspec
		install.ps1 = install.ps1
		nuget.exe = nuget.exe
		NuGetPublish.ps1 = NuGetPublish.ps1
	EndProjectSection
EndProject
Project("{D954291E-2A0B-460D-934E-DC6B0785DB48}") = "GlassdoorShared", "GlassdoorShared\GlassdoorShared.shproj", "{EDF8F7E6-5902-4FA6-B10A-2EC7482A859D}"
EndProject
Global
	GlobalSection(SharedMSBuildProjectFiles) = preSolution
		GlassdoorShared\GlassdoorShared.projitems*{d4ad4545-ee8f-4b05-895f-2d9351dacf1b}*SharedItemsImports = 4
		GlassdoorShared\GlassdoorShared.projitems*{edf8f7e6-5902-4fa6-b10a-2ec7482a859d}*SharedItemsImports = 13
	EndGlobalSection
	GlobalSection(SolutionConfigurationPlatforms) = preSolution
		Debug|Any CPU = Debug|Any CPU
		Debug|ARM = Debug|ARM
		Debug|x64 = Debug|x64
		Debug|x86 = Debug|x86
		Release|Any CPU = Release|Any CPU
		Release|ARM = Release|ARM
		Release|x64 = Release|x64
		Release|x86 = Release|x86
	EndGlobalSection
	GlobalSection(ProjectConfigurationPlatforms) = postSolution
		{D4AD4545-EE8F-4B05-895F-2D9351DACF1B}.Debug|Any CPU.ActiveCfg = Debug|Any CPU
		{D4AD4545-EE8F-4B05-895F-2D9351DACF1B}.Debug|Any CPU.Build.0 = Debug|Any CPU
		{D4AD4545-EE8F-4B05-895F-2D9351DACF1B}.Debug|ARM.ActiveCfg = Debug|Any CPU
		{D4AD4545-EE8F-4B05-895F-2D9351DACF1B}.Debug|ARM.Build.0 = Debug|Any CPU
		{D4AD4545-EE8F-4B05-895F-2D9351DACF1B}.Debug|x64.ActiveCfg = Debug|Any CPU
		{D4AD4545-EE8F-4B05-895F-2D9351DACF1B}.Debug|x64.Build.0 = Debug|Any CPU
		{D4AD4545-EE8F-4B05-895F-2D9351DACF1B}.Debug|x86.ActiveCfg = Debug|Any CPU
		{D4AD4545-EE8F-4B05-895F-2D9351DACF1B}.Debug|x86.Build.0 = Debug|Any CPU
		{D4AD4545-EE8F-4B05-895F-2D9351DACF1B}.Release|Any CPU.ActiveCfg = Release|Any CPU
		{D4AD4545-EE8F-4B05-895F-2D9351DACF1B}.Release|Any CPU.Build.0 = Release|Any CPU
		{D4AD4545-EE8F-4B05-895F-2D9351DACF1B}.Release|ARM.ActiveCfg = Release|Any CPU
		{D4AD4545-EE8F-4B05-895F-2D9351DACF1B}.Release|ARM.Build.0 = Release|Any CPU
		{D4AD4545-EE8F-4B05-895F-2D9351DACF1B}.Release|x64.ActiveCfg = Release|Any CPU
		{D4AD4545-EE8F-4B05-895F-2D9351DACF1B}.Release|x64.Build.0 = Release|Any CPU
		{D4AD4545-EE8F-4B05-895F-2D9351DACF1B}.Release|x86.ActiveCfg = Release|Any CPU
		{D4AD4545-EE8F-4B05-895F-2D9351DACF1B}.Release|x86.Build.0 = Release|Any CPU
		{F246BC6B-2A65-4607-AB19-A27B672A8AA8}.Debug|Any CPU.ActiveCfg = Debug|Any CPU
		{F246BC6B-2A65-4607-AB19-A27B672A8AA8}.Debug|Any CPU.Build.0 = Debug|Any CPU
		{F246BC6B-2A65-4607-AB19-A27B672A8AA8}.Debug|ARM.ActiveCfg = Debug|Any CPU
		{F246BC6B-2A65-4607-AB19-A27B672A8AA8}.Debug|ARM.Build.0 = Debug|Any CPU
		{F246BC6B-2A65-4607-AB19-A27B672A8AA8}.Debug|x64.ActiveCfg = Debug|Any CPU
		{F246BC6B-2A65-4607-AB19-A27B672A8AA8}.Debug|x64.Build.0 = Debug|Any CPU
		{F246BC6B-2A65-4607-AB19-A27B672A8AA8}.Debug|x86.ActiveCfg = Debug|Any CPU
		{F246BC6B-2A65-4607-AB19-A27B672A8AA8}.Debug|x86.Build.0 = Debug|Any CPU
		{F246BC6B-2A65-4607-AB19-A27B672A8AA8}.Release|Any CPU.ActiveCfg = Release|Any CPU
		{F246BC6B-2A65-4607-AB19-A27B672A8AA8}.Release|Any CPU.Build.0 = Release|Any CPU
		{F246BC6B-2A65-4607-AB19-A27B672A8AA8}.Release|ARM.ActiveCfg = Release|Any CPU
		{F246BC6B-2A65-4607-AB19-A27B672A8AA8}.Release|ARM.Build.0 = Release|Any CPU
		{F246BC6B-2A65-4607-AB19-A27B672A8AA8}.Release|x64.ActiveCfg = Release|Any CPU
		{F246BC6B-2A65-4607-AB19-A27B672A8AA8}.Release|x64.Build.0 = Release|Any CPU
		{F246BC6B-2A65-4607-AB19-A27B672A8AA8}.Release|x86.ActiveCfg = Release|Any CPU
		{F246BC6B-2A65-4607-AB19-A27B672A8AA8}.Release|x86.Build.0 = Release|Any CPU
	EndGlobalSection
	GlobalSection(SolutionProperties) = preSolution
		HideSolutionNode = FALSE
	EndGlobalSection
EndGlobal
